
Microsoft Visual Studio Solution File, Format Version 12.00
# Visual Studio Version 17
VisualStudioVersion = 17.8.34525.116
MinimumVisualStudioVersion = 10.0.40219.1
Project("{FAE04EC0-301F-11D3-BF4B-00C04F79EFBC}") = "BankingApp.Core", "BankingApp.Core\BankingApp.Core.csproj", "{8032EA83-6F5B-4DAE-B428-6C6BC87A18F2}"
EndProject
Project("{FAE04EC0-301F-11D3-BF4B-00C04F79EFBC}") = "BankingApp.ATM.Client", "BankingApp.ATM.Client\BankingApp.ATM.Client.csproj", "{3C0AB831-735B-4887-A355-D6ACAF9C7E30}"
EndProject
Project("{FAE04EC0-301F-11D3-BF4B-00C04F79EFBC}") = "BankingApp.API", "BankingApp.API\BankingApp.API.csproj", "{C39D580E-63F0-4143-899E-E58A6E8C5723}"
EndProject
Project("{FAE04EC0-301F-11D3-BF4B-00C04F79EFBC}") = "BankingApp.Tests", "BankingApp.Tests\BankingApp.Tests.csproj", "{E23604A8-3665-435A-BC78-DF9E8F826919}"
EndProject
Project("{FAE04EC0-301F-11D3-BF4B-00C04F79EFBC}") = "BankingApp.ATM.Server", "BankingApp.ATM.Server\BankingApp.ATM.Server.csproj", "{F0E07B27-2FBE-4018-AD9C-538C8C19FADB}"
EndProject
Global
	GlobalSection(SolutionConfigurationPlatforms) = preSolution
		Debug|Any CPU = Debug|Any CPU
		Release|Any CPU = Release|Any CPU
	EndGlobalSection
	GlobalSection(ProjectConfigurationPlatforms) = postSolution
		{8032EA83-6F5B-4DAE-B428-6C6BC87A18F2}.Debug|Any CPU.ActiveCfg = Debug|Any CPU
		{8032EA83-6F5B-4DAE-B428-6C6BC87A18F2}.Debug|Any CPU.Build.0 = Debug|Any CPU
		{8032EA83-6F5B-4DAE-B428-6C6BC87A18F2}.Release|Any CPU.ActiveCfg = Release|Any CPU
		{8032EA83-6F5B-4DAE-B428-6C6BC87A18F2}.Release|Any CPU.Build.0 = Release|Any CPU
		{3C0AB831-735B-4887-A355-D6ACAF9C7E30}.Debug|Any CPU.ActiveCfg = Debug|Any CPU
		{3C0AB831-735B-4887-A355-D6ACAF9C7E30}.Debug|Any CPU.Build.0 = Debug|Any CPU
		{3C0AB831-735B-4887-A355-D6ACAF9C7E30}.Release|Any CPU.ActiveCfg = Release|Any CPU
		{3C0AB831-735B-4887-A355-D6ACAF9C7E30}.Release|Any CPU.Build.0 = Release|Any CPU
		{C39D580E-63F0-4143-899E-E58A6E8C5723}.Debug|Any CPU.ActiveCfg = Debug|Any CPU
		{C39D580E-63F0-4143-899E-E58A6E8C5723}.Debug|Any CPU.Build.0 = Debug|Any CPU
		{C39D580E-63F0-4143-899E-E58A6E8C5723}.Release|Any CPU.ActiveCfg = Release|Any CPU
		{C39D580E-63F0-4143-899E-E58A6E8C5723}.Release|Any CPU.Build.0 = Release|Any CPU
		{E23604A8-3665-435A-BC78-DF9E8F826919}.Debug|Any CPU.ActiveCfg = Debug|Any CPU
		{E23604A8-3665-435A-BC78-DF9E8F826919}.Debug|Any CPU.Build.0 = Debug|Any CPU
		{E23604A8-3665-435A-BC78-DF9E8F826919}.Release|Any CPU.ActiveCfg = Release|Any CPU
		{E23604A8-3665-435A-BC78-DF9E8F826919}.Release|Any CPU.Build.0 = Release|Any CPU
		{F0E07B27-2FBE-4018-AD9C-538C8C19FADB}.Debug|Any CPU.ActiveCfg = Debug|Any CPU
		{F0E07B27-2FBE-4018-AD9C-538C8C19FADB}.Debug|Any CPU.Build.0 = Debug|Any CPU
		{F0E07B27-2FBE-4018-AD9C-538C8C19FADB}.Release|Any CPU.ActiveCfg = Release|Any CPU
		{F0E07B27-2FBE-4018-AD9C-538C8C19FADB}.Release|Any CPU.Build.0 = Release|Any CPU
	EndGlobalSection
	GlobalSection(SolutionProperties) = preSolution
		HideSolutionNode = FALSE
	EndGlobalSection
	GlobalSection(ExtensibilityGlobals) = postSolution
		SolutionGuid = {02E4547A-00A2-44B6-831D-BB20FD457868}
	EndGlobalSection
EndGlobal
